{
  "version": 4,
  "terraform_version": "1.10.4",
  "serial": 3,
  "lineage": "cf6aeb08-f581-cf49-2cbe-3e8bed447be3",
  "outputs": {
    "multi_zip_output": {
      "value": {
        "example1.txt": {
          "content": "Hello, this is example 1",
          "content_base64": null,
          "content_base64sha256": "00Ft+LFsYlT1NHSaPhk4kjY1+UgKTBI5+2Us76FvBEY=",
          "content_base64sha512": "cWYUDyvRYQKjOXdfg7Yu1Syew/V5aVdN9Ico0NlUnySxsLsg2fuV50TH/6dHlnpQF8tUrxeTxneOPZnNpc6cbA==",
          "content_md5": "c1a295506c05a610b71148474cde1c83",
          "content_sha1": "f133a7af8d80c1fbee81770077de92a5b9321579",
          "content_sha256": "d3416df8b16c6254f534749a3e1938923635f9480a4c1239fb652cefa16f0446",
          "content_sha512": "7166140f2bd16102a339775f83b62ed52c9ec3f57969574df48728d0d9549f24b1b0bb20d9fb95e744c7ffa747967a5017cb54af1793c6778e3d99cda5ce9c6c",
          "directory_permission": "0777",
          "file_permission": "0777",
          "filename": "./sample_dir/example1.txt",
          "id": "f133a7af8d80c1fbee81770077de92a5b9321579",
          "sensitive_content": null,
          "source": null
        },
        "example2.txt": {
          "content": "Hello, this is example 2",
          "content_base64": null,
          "content_base64sha256": "0Aqy5QSmOMfTIDGiF+MqHoZZxvpSptCs8FgOlTl3YMM=",
          "content_base64sha512": "o4mKopHtn0bNrYeFoc1deIsv0C+FclIyf1gbOyIOQM9avTfyCcZnh0jPf50xkaQHubpksA2shbHM2Z/Rk/ko2g==",
          "content_md5": "65bdead55f814aa085970d65c1052f3f",
          "content_sha1": "98b9fa55da5ff0d8247d4d01b3d7f848b008251c",
          "content_sha256": "d00ab2e504a638c7d32031a217e32a1e8659c6fa52a6d0acf0580e95397760c3",
          "content_sha512": "a3898aa291ed9f46cdad8785a1cd5d788b2fd02f857252327f581b3b220e40cf5abd37f209c6678748cf7f9d3191a407b9ba64b00dac85b1ccd99fd193f928da",
          "directory_permission": "0777",
          "file_permission": "0777",
          "filename": "./sample_dir/example2.txt",
          "id": "98b9fa55da5ff0d8247d4d01b3d7f848b008251c",
          "sensitive_content": null,
          "source": null
        },
        "example3.txt": {
          "content": "Hello, this is example 3",
          "content_base64": null,
          "content_base64sha256": "bHZHAMpYe8G3M+2XKIMh10Aa1Zjau91YWVzLgC0gQOs=",
          "content_base64sha512": "EglTMfTIvItP8HfcVoEybyosjrH4Sadwb1IxHlxdKoaDGZBFgDlg5Bm7x1lzww6jrZey4q3e/aWNdLSRclSA2w==",
          "content_md5": "0fbd681f98b6e2f89264fe7f4aa5aa89",
          "content_sha1": "057db2571a814c7b9ada23ab988a0bd9688989be",
          "content_sha256": "6c764700ca587bc1b733ed97288321d7401ad598dabbdd58595ccb802d2040eb",
          "content_sha512": "12095331f4c8bc8b4ff077dc5681326f2a2c8eb1f849a7706f52311e5c5d2a8683199045803960e419bbc75973c30ea3ad97b2e2addefda58d74b491725480db",
          "directory_permission": "0777",
          "file_permission": "0777",
          "filename": "./sample_dir/example3.txt",
          "id": "057db2571a814c7b9ada23ab988a0bd9688989be",
          "sensitive_content": null,
          "source": null
        }
      },
      "type": [
        "object",
        {
          "example1.txt": [
            "object",
            {
              "content": "string",
              "content_base64": "string",
              "content_base64sha256": "string",
              "content_base64sha512": "string",
              "content_md5": "string",
              "content_sha1": "string",
              "content_sha256": "string",
              "content_sha512": "string",
              "directory_permission": "string",
              "file_permission": "string",
              "filename": "string",
              "id": "string",
              "sensitive_content": "string",
              "source": "string"
            }
          ],
          "example2.txt": [
            "object",
            {
              "content": "string",
              "content_base64": "string",
              "content_base64sha256": "string",
              "content_base64sha512": "string",
              "content_md5": "string",
              "content_sha1": "string",
              "content_sha256": "string",
              "content_sha512": "string",
              "directory_permission": "string",
              "file_permission": "string",
              "filename": "string",
              "id": "string",
              "sensitive_content": "string",
              "source": "string"
            }
          ],
          "example3.txt": [
            "object",
            {
              "content": "string",
              "content_base64": "string",
              "content_base64sha256": "string",
              "content_base64sha512": "string",
              "content_md5": "string",
              "content_sha1": "string",
              "content_sha256": "string",
              "content_sha512": "string",
              "directory_permission": "string",
              "file_permission": "string",
              "filename": "string",
              "id": "string",
              "sensitive_content": "string",
              "source": "string"
            }
          ]
        }
      ],
      "sensitive": true
    }
  },
  "resources": [
    {
      "mode": "data",
      "type": "archive_file",
      "name": "multi_file_zip",
      "provider": "provider[\"registry.terraform.io/hashicorp/archive\"]",
      "instances": [
        {
          "schema_version": 0,
          "attributes": {
            "exclude_symlink_directories": null,
            "excludes": null,
            "id": "dcf7ce187f55477ff91920ca585c6f12ce8d3f0b",
            "output_base64sha256": "vnifO7bFavi6EHbJgx7/svcWQUD7jKDoG5Ma/jRyYT0=",
            "output_base64sha512": "hjLDnDjErsradZqxUg+u2KeD9aY2n2TDCq3/dZjfHZEhlprbN/UErRbeJ0kKOBHJ9BGxRBrMGbAPFfEnDkYOiQ==",
            "output_file_mode": null,
            "output_md5": "581cb307f81c6efb75c32d1ec9d008ca",
            "output_path": "./sample_dir.zip",
            "output_sha": "dcf7ce187f55477ff91920ca585c6f12ce8d3f0b",
            "output_sha256": "be789f3bb6c56af8ba1076c9831effb2f7164140fb8ca0e81b931afe3472613d",
            "output_sha512": "8632c39c38c4aecada759ab1520faed8a783f5a6369f64c30aadff7598df1d9121969adb37f504ad16de27490a3811c9f411b1441acc19b00f15f1270e460e89",
            "output_size": 460,
            "source": [],
            "source_content": null,
            "source_content_filename": null,
            "source_dir": "./sample_dir",
            "source_file": null,
            "type": "zip"
          },
          "sensitive_attributes": []
        }
      ]
    },
    {
      "mode": "managed",
      "type": "local_file",
      "name": "example",
      "provider": "provider[\"registry.terraform.io/hashicorp/local\"]",
      "instances": [
        {
          "index_key": "example1.txt",
          "schema_version": 0,
          "attributes": {
            "content": "Hello, this is example 1",
            "content_base64": null,
            "content_base64sha256": "00Ft+LFsYlT1NHSaPhk4kjY1+UgKTBI5+2Us76FvBEY=",
            "content_base64sha512": "cWYUDyvRYQKjOXdfg7Yu1Syew/V5aVdN9Ico0NlUnySxsLsg2fuV50TH/6dHlnpQF8tUrxeTxneOPZnNpc6cbA==",
            "content_md5": "c1a295506c05a610b71148474cde1c83",
            "content_sha1": "f133a7af8d80c1fbee81770077de92a5b9321579",
            "content_sha256": "d3416df8b16c6254f534749a3e1938923635f9480a4c1239fb652cefa16f0446",
            "content_sha512": "7166140f2bd16102a339775f83b62ed52c9ec3f57969574df48728d0d9549f24b1b0bb20d9fb95e744c7ffa747967a5017cb54af1793c6778e3d99cda5ce9c6c",
            "directory_permission": "0777",
            "file_permission": "0777",
            "filename": "./sample_dir/example1.txt",
            "id": "f133a7af8d80c1fbee81770077de92a5b9321579",
            "sensitive_content": null,
            "source": null
          },
          "sensitive_attributes": [
            [
              {
                "type": "get_attr",
                "value": "sensitive_content"
              }
            ]
          ]
        },
        {
          "index_key": "example2.txt",
          "schema_version": 0,
          "attributes": {
            "content": "Hello, this is example 2",
            "content_base64": null,
            "content_base64sha256": "0Aqy5QSmOMfTIDGiF+MqHoZZxvpSptCs8FgOlTl3YMM=",
            "content_base64sha512": "o4mKopHtn0bNrYeFoc1deIsv0C+FclIyf1gbOyIOQM9avTfyCcZnh0jPf50xkaQHubpksA2shbHM2Z/Rk/ko2g==",
            "content_md5": "65bdead55f814aa085970d65c1052f3f",
            "content_sha1": "98b9fa55da5ff0d8247d4d01b3d7f848b008251c",
            "content_sha256": "d00ab2e504a638c7d32031a217e32a1e8659c6fa52a6d0acf0580e95397760c3",
            "content_sha512": "a3898aa291ed9f46cdad8785a1cd5d788b2fd02f857252327f581b3b220e40cf5abd37f209c6678748cf7f9d3191a407b9ba64b00dac85b1ccd99fd193f928da",
            "directory_permission": "0777",
            "file_permission": "0777",
            "filename": "./sample_dir/example2.txt",
            "id": "98b9fa55da5ff0d8247d4d01b3d7f848b008251c",
            "sensitive_content": null,
            "source": null
          },
          "sensitive_attributes": [
            [
              {
                "type": "get_attr",
                "value": "sensitive_content"
              }
            ]
          ]
        },
        {
          "index_key": "example3.txt",
          "schema_version": 0,
          "attributes": {
            "content": "Hello, this is example 3",
            "content_base64": null,
            "content_base64sha256": "bHZHAMpYe8G3M+2XKIMh10Aa1Zjau91YWVzLgC0gQOs=",
            "content_base64sha512": "EglTMfTIvItP8HfcVoEybyosjrH4Sadwb1IxHlxdKoaDGZBFgDlg5Bm7x1lzww6jrZey4q3e/aWNdLSRclSA2w==",
            "content_md5": "0fbd681f98b6e2f89264fe7f4aa5aa89",
            "content_sha1": "057db2571a814c7b9ada23ab988a0bd9688989be",
            "content_sha256": "6c764700ca587bc1b733ed97288321d7401ad598dabbdd58595ccb802d2040eb",
            "content_sha512": "12095331f4c8bc8b4ff077dc5681326f2a2c8eb1f849a7706f52311e5c5d2a8683199045803960e419bbc75973c30ea3ad97b2e2addefda58d74b491725480db",
            "directory_permission": "0777",
            "file_permission": "0777",
            "filename": "./sample_dir/example3.txt",
            "id": "057db2571a814c7b9ada23ab988a0bd9688989be",
            "sensitive_content": null,
            "source": null
          },
          "sensitive_attributes": [
            [
              {
                "type": "get_attr",
                "value": "sensitive_content"
              }
            ]
          ]
        }
      ]
    }
  ],
  "check_results": null
}
