{
  "version": 4,
  "terraform_version": "1.10.4",
  "serial": 4,
  "lineage": "9ff10302-2cd0-4b50-0b16-bc55d87c469d",
  "outputs": {
    "foreach_list_output": {
      "value": "Done!",
      "type": "string"
    }
  },
  "resources": [
    {
      "mode": "managed",
      "type": "local_file",
      "name": "example",
      "provider": "provider[\"registry.terraform.io/hashicorp/local\"]",
      "instances": [
        {
          "index_key": "example1",
          "schema_version": 0,
          "attributes": {
            "content": "Some random text",
            "content_base64": null,
            "content_base64sha256": "dWBQWid8QcoNVO/kdBIXMkgNOENnOtCUUmxG6xXfdSI=",
            "content_base64sha512": "qQyG2gTnnPaOJ7PXUH02jIZNUV0On4BQ6bqCJvDbBAh2CC9Z5ijVMxJBF/Pei6Xz8zdzwFG3MsgcVFfjDMQM7g==",
            "content_md5": "f15c7ac831170f4a1fc5512c1a4c7acf",
            "content_sha1": "283249b89e91e24f8af6fddca6c52ad49293f600",
            "content_sha256": "7560505a277c41ca0d54efe474121732480d3843673ad094526c46eb15df7522",
            "content_sha512": "a90c86da04e79cf68e27b3d7507d368c864d515d0e9f8050e9ba8226f0db040876082f59e628d533124117f3de8ba5f3f33773c051b732c81c5457e30cc40cee",
            "directory_permission": "0777",
            "file_permission": "0777",
            "filename": "./example1",
            "id": "283249b89e91e24f8af6fddca6c52ad49293f600",
            "sensitive_content": null,
            "source": null
          },
          "sensitive_attributes": [
            [
              {
                "type": "get_attr",
                "value": "sensitive_content"
              }
            ]
          ]
        },
        {
          "index_key": "example2",
          "schema_version": 0,
          "attributes": {
            "content": "Some random text",
            "content_base64": null,
            "content_base64sha256": "dWBQWid8QcoNVO/kdBIXMkgNOENnOtCUUmxG6xXfdSI=",
            "content_base64sha512": "qQyG2gTnnPaOJ7PXUH02jIZNUV0On4BQ6bqCJvDbBAh2CC9Z5ijVMxJBF/Pei6Xz8zdzwFG3MsgcVFfjDMQM7g==",
            "content_md5": "f15c7ac831170f4a1fc5512c1a4c7acf",
            "content_sha1": "283249b89e91e24f8af6fddca6c52ad49293f600",
            "content_sha256": "7560505a277c41ca0d54efe474121732480d3843673ad094526c46eb15df7522",
            "content_sha512": "a90c86da04e79cf68e27b3d7507d368c864d515d0e9f8050e9ba8226f0db040876082f59e628d533124117f3de8ba5f3f33773c051b732c81c5457e30cc40cee",
            "directory_permission": "0777",
            "file_permission": "0777",
            "filename": "./example2",
            "id": "283249b89e91e24f8af6fddca6c52ad49293f600",
            "sensitive_content": null,
            "source": null
          },
          "sensitive_attributes": [
            [
              {
                "type": "get_attr",
                "value": "sensitive_content"
              }
            ]
          ]
        },
        {
          "index_key": "example3",
          "schema_version": 0,
          "attributes": {
            "content": "Some random text",
            "content_base64": null,
            "content_base64sha256": "dWBQWid8QcoNVO/kdBIXMkgNOENnOtCUUmxG6xXfdSI=",
            "content_base64sha512": "qQyG2gTnnPaOJ7PXUH02jIZNUV0On4BQ6bqCJvDbBAh2CC9Z5ijVMxJBF/Pei6Xz8zdzwFG3MsgcVFfjDMQM7g==",
            "content_md5": "f15c7ac831170f4a1fc5512c1a4c7acf",
            "content_sha1": "283249b89e91e24f8af6fddca6c52ad49293f600",
            "content_sha256": "7560505a277c41ca0d54efe474121732480d3843673ad094526c46eb15df7522",
            "content_sha512": "a90c86da04e79cf68e27b3d7507d368c864d515d0e9f8050e9ba8226f0db040876082f59e628d533124117f3de8ba5f3f33773c051b732c81c5457e30cc40cee",
            "directory_permission": "0777",
            "file_permission": "0777",
            "filename": "./example3",
            "id": "283249b89e91e24f8af6fddca6c52ad49293f600",
            "sensitive_content": null,
            "source": null
          },
          "sensitive_attributes": [
            [
              {
                "type": "get_attr",
                "value": "sensitive_content"
              }
            ]
          ]
        }
      ]
    }
  ],
  "check_results": null
}
